Microsoft Visual Studio Solution File, Format Version 12.00
# Visual Studio Version 17
VisualStudioVersion = 17.5.2.0
MinimumVisualStudioVersion = 10.0.40219.1
Project("{2150E333-8FDC-42A3-9474-1A3956D46DE8}") = "src", "src", "{827E0CD3-B72D-47B6-A68D-7590B98EB39B}"
EndProject
Project("{2150E333-8FDC-42A3-9474-1A3956D46DE8}") = "BackeryOnlineShop", "BackeryOnlineShop", "{D8DD638B-2BC3-4228-A647-C28FED21DD08}"
EndProject
Project("{FAE04EC0-301F-11D3-BF4B-00C04F79EFBC}") = "BackeryOnlineShop", "src\BackeryOnlineShop\BackeryOnlineShop\BackeryOnlineShop.csproj", "{E1D77463-7AEA-D271-E66A-BF38C3B0B34C}"
EndProject
Global
	GlobalSection(SolutionConfigurationPlatforms) = preSolution
		Debug|Any CPU = Debug|Any CPU
		Release|Any CPU = Release|Any CPU
	EndGlobalSection
	GlobalSection(ProjectConfigurationPlatforms) = postSolution
		{E1D77463-7AEA-D271-E66A-BF38C3B0B34C}.Debug|Any CPU.ActiveCfg = Debug|Any CPU
		{E1D77463-7AEA-D271-E66A-BF38C3B0B34C}.Debug|Any CPU.Build.0 = Debug|Any CPU
		{E1D77463-7AEA-D271-E66A-BF38C3B0B34C}.Release|Any CPU.ActiveCfg = Release|Any CPU
		{E1D77463-7AEA-D271-E66A-BF38C3B0B34C}.Release|Any CPU.Build.0 = Release|Any CPU
	EndGlobalSection
	GlobalSection(SolutionProperties) = preSolution
		HideSolutionNode = FALSE
	EndGlobalSection
	GlobalSection(NestedProjects) = preSolution
		{D8DD638B-2BC3-4228-A647-C28FED21DD08} = {827E0CD3-B72D-47B6-A68D-7590B98EB39B}
		{E1D77463-7AEA-D271-E66A-BF38C3B0B34C} = {D8DD638B-2BC3-4228-A647-C28FED21DD08}
	EndGlobalSection
	GlobalSection(ExtensibilityGlobals) = postSolution
		SolutionGuid = {63165104-2F42-45F3-925F-9F0D266231F0}
	EndGlobalSection
EndGlobal
